
Microsoft Visual Studio Solution File, Format Version 11.00
# Visual Studio 2010
Project("{FAE04EC0-301F-11D3-BF4B-00C04F79EFBC}") = "PhotoViewer", "PhotoViewer\PhotoViewer.csproj", "{F262DE3F-1FFA-4993-B57F-E4F17B3A9B0A}"
EndProject
Project("{FAE04EC0-301F-11D3-BF4B-00C04F79EFBC}") = "MailboxWatcher", "MailboxWatcher\MailboxWatcher.csproj", "{B3990949-C36F-4ABD-AD3B-1E89D29C7AE4}"
EndProject
Project("{FAE04EC0-301F-11D3-BF4B-00C04F79EFBC}") = "AE.Net.Mail", "lib\aenetmail\AE.Net.Mail.csproj", "{68E9CF8C-AB54-4CC7-A34F-C7F469E4EFE0}"
EndProject
Global
	GlobalSection(SolutionConfigurationPlatforms) = preSolution
		Debug|Any CPU = Debug|Any CPU
		Debug|Mixed Platforms = Debug|Mixed Platforms
		Debug|x86 = Debug|x86
		Release|Any CPU = Release|Any CPU
		Release|Mixed Platforms = Release|Mixed Platforms
		Release|x86 = Release|x86
	EndGlobalSection
	GlobalSection(ProjectConfigurationPlatforms) = postSolution
		{F262DE3F-1FFA-4993-B57F-E4F17B3A9B0A}.Debug|Any CPU.ActiveCfg = Debug|x86
		{F262DE3F-1FFA-4993-B57F-E4F17B3A9B0A}.Debug|Mixed Platforms.ActiveCfg = Debug|x86
		{F262DE3F-1FFA-4993-B57F-E4F17B3A9B0A}.Debug|Mixed Platforms.Build.0 = Debug|x86
		{F262DE3F-1FFA-4993-B57F-E4F17B3A9B0A}.Debug|x86.ActiveCfg = Debug|x86
		{F262DE3F-1FFA-4993-B57F-E4F17B3A9B0A}.Debug|x86.Build.0 = Debug|x86
		{F262DE3F-1FFA-4993-B57F-E4F17B3A9B0A}.Release|Any CPU.ActiveCfg = Release|x86
		{F262DE3F-1FFA-4993-B57F-E4F17B3A9B0A}.Release|Mixed Platforms.ActiveCfg = Release|x86
		{F262DE3F-1FFA-4993-B57F-E4F17B3A9B0A}.Release|Mixed Platforms.Build.0 = Release|x86
		{F262DE3F-1FFA-4993-B57F-E4F17B3A9B0A}.Release|x86.ActiveCfg = Release|x86
		{F262DE3F-1FFA-4993-B57F-E4F17B3A9B0A}.Release|x86.Build.0 = Release|x86
		{B3990949-C36F-4ABD-AD3B-1E89D29C7AE4}.Debug|Any CPU.ActiveCfg = Debug|x86
		{B3990949-C36F-4ABD-AD3B-1E89D29C7AE4}.Debug|Mixed Platforms.ActiveCfg = Debug|x86
		{B3990949-C36F-4ABD-AD3B-1E89D29C7AE4}.Debug|Mixed Platforms.Build.0 = Debug|x86
		{B3990949-C36F-4ABD-AD3B-1E89D29C7AE4}.Debug|x86.ActiveCfg = Debug|x86
		{B3990949-C36F-4ABD-AD3B-1E89D29C7AE4}.Debug|x86.Build.0 = Debug|x86
		{B3990949-C36F-4ABD-AD3B-1E89D29C7AE4}.Release|Any CPU.ActiveCfg = Release|x86
		{B3990949-C36F-4ABD-AD3B-1E89D29C7AE4}.Release|Mixed Platforms.ActiveCfg = Release|x86
		{B3990949-C36F-4ABD-AD3B-1E89D29C7AE4}.Release|Mixed Platforms.Build.0 = Release|x86
		{B3990949-C36F-4ABD-AD3B-1E89D29C7AE4}.Release|x86.ActiveCfg = Release|x86
		{B3990949-C36F-4ABD-AD3B-1E89D29C7AE4}.Release|x86.Build.0 = Release|x86
		{68E9CF8C-AB54-4CC7-A34F-C7F469E4EFE0}.Debug|Any CPU.ActiveCfg = Debug|Any CPU
		{68E9CF8C-AB54-4CC7-A34F-C7F469E4EFE0}.Debug|Any CPU.Build.0 = Debug|Any CPU
		{68E9CF8C-AB54-4CC7-A34F-C7F469E4EFE0}.Debug|Mixed Platforms.ActiveCfg = Debug|Any CPU
		{68E9CF8C-AB54-4CC7-A34F-C7F469E4EFE0}.Debug|Mixed Platforms.Build.0 = Debug|Any CPU
		{68E9CF8C-AB54-4CC7-A34F-C7F469E4EFE0}.Debug|x86.ActiveCfg = Debug|Any CPU
		{68E9CF8C-AB54-4CC7-A34F-C7F469E4EFE0}.Release|Any CPU.ActiveCfg = Release|Any CPU
		{68E9CF8C-AB54-4CC7-A34F-C7F469E4EFE0}.Release|Any CPU.Build.0 = Release|Any CPU
		{68E9CF8C-AB54-4CC7-A34F-C7F469E4EFE0}.Release|Mixed Platforms.ActiveCfg = Release|Any CPU
		{68E9CF8C-AB54-4CC7-A34F-C7F469E4EFE0}.Release|Mixed Platforms.Build.0 = Release|Any CPU
		{68E9CF8C-AB54-4CC7-A34F-C7F469E4EFE0}.Release|x86.ActiveCfg = Release|Any CPU
	EndGlobalSection
	GlobalSection(SolutionProperties) = preSolution
		HideSolutionNode = FALSE
	EndGlobalSection
EndGlobal
